
Microsoft Visual Studio Solution File, Format Version 12.00
# Visual Studio 15
VisualStudioVersion = 15.0.28307.136
MinimumVisualStudioVersion = 10.0.40219.1
Project("{FAE04EC0-301F-11D3-BF4B-00C04F79EFBC}") = "GPIOLibrary", "GPIOLibrary\GPIOLibrary.csproj", "{1069AF11-D3DB-4DAE-8B31-CDB2F5E69CE8}"
EndProject
Project("{FAE04EC0-301F-11D3-BF4B-00C04F79EFBC}") = "GPIOSample", "GPIOSample\GPIOSample.csproj", "{E313B3F6-3C5C-41B0-9987-1ED904F20A5C}"
EndProject
Global
	GlobalSection(SolutionConfigurationPlatforms) = preSolution
		Debug|Any CPU = Debug|Any CPU
		Release|Any CPU = Release|Any CPU
	EndGlobalSection
	GlobalSection(ProjectConfigurationPlatforms) = postSolution
		{1069AF11-D3DB-4DAE-8B31-CDB2F5E69CE8}.Debug|Any CPU.ActiveCfg = Debug|Any CPU
		{1069AF11-D3DB-4DAE-8B31-CDB2F5E69CE8}.Debug|Any CPU.Build.0 = Debug|Any CPU
		{1069AF11-D3DB-4DAE-8B31-CDB2F5E69CE8}.Release|Any CPU.ActiveCfg = Release|Any CPU
		{1069AF11-D3DB-4DAE-8B31-CDB2F5E69CE8}.Release|Any CPU.Build.0 = Release|Any CPU
		{E313B3F6-3C5C-41B0-9987-1ED904F20A5C}.Debug|Any CPU.ActiveCfg = Debug|Any CPU
		{E313B3F6-3C5C-41B0-9987-1ED904F20A5C}.Debug|Any CPU.Build.0 = Debug|Any CPU
		{E313B3F6-3C5C-41B0-9987-1ED904F20A5C}.Release|Any CPU.ActiveCfg = Release|Any CPU
		{E313B3F6-3C5C-41B0-9987-1ED904F20A5C}.Release|Any CPU.Build.0 = Release|Any CPU
	EndGlobalSection
	GlobalSection(SolutionProperties) = preSolution
		HideSolutionNode = FALSE
	EndGlobalSection
	GlobalSection(ExtensibilityGlobals) = postSolution
		SolutionGuid = {4F227EA7-E3D6-406F-AE55-36F40F7E250C}
	EndGlobalSection
EndGlobal
